// !$*UTF8*$!
{
	archiveVersion = 1;
	classes = {
	};
	objectVersion = 42;
	objects = {

/* Begin PBXAggregateTarget section */
		83D9BE670CD110E90092858D /* DiskImage */ = {
			isa = PBXAggregateTarget;
			buildConfigurationList = 83D9BE6F0CD110F30092858D /* Build configuration list for PBXAggregateTarget "DiskImage" */;
			buildPhases = (
				83D9BED50CD122050092858D /* Create Image */,
				83D9BECF0CD120100092858D /* CopyFiles */,
				83F9D61F0D5277E0004C531D /* Copy Samples */,
				83D9BE660CD110E90092858D /* Convert Image */,
			);
			dependencies = (
				83D9BE690CD110EF0092858D /* PBXTargetDependency */,
			);
			name = DiskImage;
			productName = DiskImage;
		};
		83D9C9780CD8AC7D003B422F /* DeveloperDocs */ = {
			isa = PBXAggregateTarget;
			buildConfigurationList = 83D9C9790CD8AC9C003B422F /* Build configuration list for PBXAggregateTarget "DeveloperDocs" */;
			buildPhases = (
				83D9C9770CD8AC7D003B422F /* ShellScript */,
			);
			dependencies = (
			);
			name = DeveloperDocs;
			productName = DeveloperDocs;
		};
/* End PBXAggregateTarget section */

/* Begin PBXBuildFile section */
		2301C5BF059BEBD2009AE4A0 /* CoreServices.framework in Frameworks */ = {isa = PBXBuildFile; fileRef = 2301C5BE059BEBD2009AE4A0 /* CoreServices.framework */; };
		833C26A00D2D33810097E3CE /* JRSwizzle.m in Sources */ = {isa = PBXBuildFile; fileRef = 83B723BB0D2D3014004668E1 /* JRSwizzle.m */; };
		833C26A10D2D33840097E3CE /* JRSwizzle.h in Headers */ = {isa = PBXBuildFile; fileRef = 83B723BA0D2D3014004668E1 /* JRSwizzle.h */; settings = {ATTRIBUTES = (Public, ); }; };
		833C26A90D2D36110097E3CE /* JRSwizzle-Info.plist in Resources */ = {isa = PBXBuildFile; fileRef = 83B723C20D2D305F004668E1 /* JRSwizzle-Info.plist */; };
		833C26CD0D2D3AD00097E3CE /* JRSwizzle.framework in Frameworks */ = {isa = PBXBuildFile; fileRef = 833C268B0D2D32850097E3CE /* JRSwizzle.framework */; };
		833C2AAA0D2D3FB40097E3CE /* JRSwizzle.framework in CopyFiles */ = {isa = PBXBuildFile; fileRef = 833C268B0D2D32850097E3CE /* JRSwizzle.framework */; };
		8360E4F10DA5133A009A290C /* Sparkle.framework in CopyFiles */ = {isa = PBXBuildFile; fileRef = 83E0BD7D0D3CD61D000BED1F /* Sparkle.framework */; };
		83784CAF0D527D1900720968 /* Storage Files.icns in Resources */ = {isa = PBXBuildFile; fileRef = 83784CAB0D527C8700720968 /* Storage Files.icns */; };
		83D9BED20CD121D40092858D /* COPYING.txt in CopyFiles */ = {isa = PBXBuildFile; fileRef = 23AA229A0AA30E31009AF327 /* COPYING.txt */; };
		83D9BED70CD122380092858D /* Genius.app in CopyFiles */ = {isa = PBXBuildFile; fileRef = 8D15AC370486D014006FF6A4 /* Genius.app */; };
		83E0BD910D3CD61D000BED1F /* Sparkle.framework in Frameworks */ = {isa = PBXBuildFile; fileRef = 83E0BD7D0D3CD61D000BED1F /* Sparkle.framework */; };
		83F9D3AF0D525EFD004C531D /* GeniusPreferencesController.m in Sources */ = {isa = PBXBuildFile; fileRef = 83F9D3850D525EFD004C531D /* GeniusPreferencesController.m */; };
		83F9D3B00D525EFD004C531D /* IsPairImportantTransformer.m in Sources */ = {isa = PBXBuildFile; fileRef = 83F9D3860D525EFD004C531D /* IsPairImportantTransformer.m */; };
		83F9D3B20D525EFD004C531D /* NSString+Similiarity.m in Sources */ = {isa = PBXBuildFile; fileRef = 83F9D3880D525EFD004C531D /* NSString+Similiarity.m */; };
		83F9D3B30D525EFD004C531D /* MyQuizController.m in Sources */ = {isa = PBXBuildFile; fileRef = 83F9D3890D525EFD004C531D /* MyQuizController.m */; };
		83F9D3B40D525EFD004C531D /* ParagraphStyleFormatter.m in Sources */ = {isa = PBXBuildFile; fileRef = 83F9D38A0D525EFD004C531D /* ParagraphStyleFormatter.m */; };
		83F9D3B50D525EFD004C531D /* GeniusHelpWindowController.m in Sources */ = {isa = PBXBuildFile; fileRef = 83F9D38B0D525EFD004C531D /* GeniusHelpWindowController.m */; };
		83F9D3B80D525EFD004C531D /* GeniusAppDelegate.m in Sources */ = {isa = PBXBuildFile; fileRef = 83F9D38E0D525EFD004C531D /* GeniusAppDelegate.m */; };
		83F9D3B90D525EFD004C531D /* GeniusDocument_DebugLogging.m in Sources */ = {isa = PBXBuildFile; fileRef = 83F9D38F0D525EFD004C531D /* GeniusDocument_DebugLogging.m */; };
		83F9D3BA0D525EFD004C531D /* GeniusWelcomePanel.m in Sources */ = {isa = PBXBuildFile; fileRef = 83F9D3900D525EFD004C531D /* GeniusWelcomePanel.m */; };
		83F9D3BB0D525EFD004C531D /* GSTableView.m in Sources */ = {isa = PBXBuildFile; fileRef = 83F9D3910D525EFD004C531D /* GSTableView.m */; };
		83F9D3BC0D525EFD004C531D /* GeniusDocumentFile.m in Sources */ = {isa = PBXBuildFile; fileRef = 83F9D3920D525EFD004C531D /* GeniusDocumentFile.m */; };
		83F9D3C00D525EFD004C531D /* IconTextFieldCell.m in Sources */ = {isa = PBXBuildFile; fileRef = 83F9D3960D525EFD004C531D /* IconTextFieldCell.m */; };
		83F9D3C10D525EFD004C531D /* GeniusAssociation.m in Sources */ = {isa = PBXBuildFile; fileRef = 83F9D3970D525EFD004C531D /* GeniusAssociation.m */; };
		83F9D3C20D525EFD004C531D /* GeniusStringDiff.m in Sources */ = {isa = PBXBuildFile; fileRef = 83F9D3980D525EFD004C531D /* GeniusStringDiff.m */; };
		83F9D3C30D525EFD004C531D /* GeniusDocument.m in Sources */ = {isa = PBXBuildFile; fileRef = 83F9D3990D525EFD004C531D /* GeniusDocument.m */; };
		83F9D3C40D525EFD004C531D /* GeniusItem.m in Sources */ = {isa = PBXBuildFile; fileRef = 83F9D39A0D525EFD004C531D /* GeniusItem.m */; };
		83F9D3C70D525EFD004C531D /* GeniusPair.m in Sources */ = {isa = PBXBuildFile; fileRef = 83F9D39D0D525EFD004C531D /* GeniusPair.m */; };
		83F9D3C80D525EFD004C531D /* ColorFromPairImportanceTransformer.m in Sources */ = {isa = PBXBuildFile; fileRef = 83F9D39E0D525EFD004C531D /* ColorFromPairImportanceTransformer.m */; };
		83F9D3C90D525EFD004C531D /* GeniusToolbar.m in Sources */ = {isa = PBXBuildFile; fileRef = 83F9D39F0D525EFD004C531D /* GeniusToolbar.m */; };
		83F9D3CA0D525EFD004C531D /* GeniusAssociationEnumerator.m in Sources */ = {isa = PBXBuildFile; fileRef = 83F9D3A00D525EFD004C531D /* GeniusAssociationEnumerator.m */; };
		83F9D3CE0D525F30004C531D /* main.m in Sources */ = {isa = PBXBuildFile; fileRef = 83F9D3CC0D525F30004C531D /* main.m */; };
		83F9D3D50D525F7B004C531D /* GeniusDocument.nib in Resources */ = {isa = PBXBuildFile; fileRef = 83F9D3CF0D525F7B004C531D /* GeniusDocument.nib */; };
		83F9D3DC0D525F8F004C531D /* Help.nib in Resources */ = {isa = PBXBuildFile; fileRef = 83F9D3D60D525F8F004C531D /* Help.nib */; };
		83F9D4030D525F9B004C531D /* InfoPlist.strings in Resources */ = {isa = PBXBuildFile; fileRef = 83F9D3DD0D525F9B004C531D /* InfoPlist.strings */; };
		83F9D4040D525F9B004C531D /* Localizable.strings in Resources */ = {isa = PBXBuildFile; fileRef = 83F9D3DF0D525F9B004C531D /* Localizable.strings */; };
		83F9D4050D525F9B004C531D /* Preferences.nib in Resources */ = {isa = PBXBuildFile; fileRef = 83F9D3E10D525F9B004C531D /* Preferences.nib */; };
		83F9D4060D525F9B004C531D /* MainMenu.nib in Resources */ = {isa = PBXBuildFile; fileRef = 83F9D3E30D525F9B004C531D /* MainMenu.nib */; };
		83F9D4070D525F9B004C531D /* WelcomePanel.nib in Resources */ = {isa = PBXBuildFile; fileRef = 83F9D3E50D525F9B004C531D /* WelcomePanel.nib */; };
		83F9D4080D525F9B004C531D /* Quiz.nib in Resources */ = {isa = PBXBuildFile; fileRef = 83F9D3E70D525F9B004C531D /* Quiz.nib */; };
		83F9D4090D525F9B004C531D /* PreQuiz.nib in Resources */ = {isa = PBXBuildFile; fileRef = 83F9D3E90D525F9B004C531D /* PreQuiz.nib */; };
		83F9D40A0D525F9B004C531D /* Help.rtf in Resources */ = {isa = PBXBuildFile; fileRef = 83F9D3EB0D525F9B004C531D /* Help.rtf */; };
		83F9D40B0D525F9B004C531D /* Credits.rtf in Resources */ = {isa = PBXBuildFile; fileRef = 83F9D3ED0D525F9B004C531D /* Credits.rtf */; };
		83F9D40E0D52600D004C531D /* Info.plist in Resources */ = {isa = PBXBuildFile; fileRef = 83F9D40D0D52600D004C531D /* Info.plist */; };
		83F9D4F00D5265E1004C531D /* GeniusDocumentFileTest.m in Sources */ = {isa = PBXBuildFile; fileRef = 83F9D3950D525EFD004C531D /* GeniusDocumentFileTest.m */; };
		83F9D4F10D5265E2004C531D /* GeniusPairTest.m in Sources */ = {isa = PBXBuildFile; fileRef = 83F9D39B0D525EFD004C531D /* GeniusPairTest.m */; };
		83F9D5000D5266B9004C531D /* Add_Pressed.tiff in Resources */ = {isa = PBXBuildFile; fileRef = 83F9D4F90D5266B9004C531D /* Add_Pressed.tiff */; };
		83F9D5010D5266B9004C531D /* Add.tiff in Resources */ = {isa = PBXBuildFile; fileRef = 83F9D4FA0D5266B9004C531D /* Add.tiff */; };
		83F9D5020D5266B9004C531D /* Information.tiff in Resources */ = {isa = PBXBuildFile; fileRef = 83F9D4FB0D5266B9004C531D /* Information.tiff */; };
		83F9D5030D5266B9004C531D /* Inspector.png in Resources */ = {isa = PBXBuildFile; fileRef = 83F9D4FC0D5266B9004C531D /* Inspector.png */; };
		83F9D5040D5266B9004C531D /* status-green.tiff in Resources */ = {isa = PBXBuildFile; fileRef = 83F9D4FD0D5266B9004C531D /* status-green.tiff */; };
		83F9D5050D5266B9004C531D /* status-red.tiff in Resources */ = {isa = PBXBuildFile; fileRef = 83F9D4FE0D5266B9004C531D /* status-red.tiff */; };
		83F9D5060D5266B9004C531D /* status-yellow.tiff in Resources */ = {isa = PBXBuildFile; fileRef = 83F9D4FF0D5266B9004C531D /* status-yellow.tiff */; };
		83F9D50A0D5266F5004C531D /* Genius.icns in Resources */ = {isa = PBXBuildFile; fileRef = 83F9D5080D5266F5004C531D /* Genius.icns */; };
		83F9D5790D527441004C531D /* play.tiff in Resources */ = {isa = PBXBuildFile; fileRef = 83F9D5780D527441004C531D /* play.tiff */; };
		83F9D5DE0D5275EA004C531D /* TestFile1.genius in Resources */ = {isa = PBXBuildFile; fileRef = 83F9D5D50D5275D0004C531D /* TestFile1.genius */; };
		83F9D60B0D527761004C531D /* History.html in CopyFiles */ = {isa = PBXBuildFile; fileRef = 83F9D60A0D527761004C531D /* History.html */; };
		83F9D61B0D5277C0004C531D /* Canadian Provincial Capitals.genius in Copy Samples */ = {isa = PBXBuildFile; fileRef = 83F9D6170D5277C0004C531D /* Canadian Provincial Capitals.genius */; };
		83F9D61C0D5277C0004C531D /* Swadesh Basic Core Vocabulary.genius in Copy Samples */ = {isa = PBXBuildFile; fileRef = 83F9D6180D5277C0004C531D /* Swadesh Basic Core Vocabulary.genius */; };
		83F9D61D0D5277C0004C531D /* Swedish Verbs.genius in Copy Samples */ = {isa = PBXBuildFile; fileRef = 83F9D6190D5277C0004C531D /* Swedish Verbs.genius */; };
		83F9D61E0D5277C0004C531D /* US State Capitals.genius in Copy Samples */ = {isa = PBXBuildFile; fileRef = 83F9D61A0D5277C0004C531D /* US State Capitals.genius */; };
		8D15AC340486D014006FF6A4 /* Cocoa.framework in Frameworks */ = {isa = PBXBuildFile; fileRef = 1058C7A7FEA54F5311CA2CBB /* Cocoa.framework */; };
/* End PBXBuildFile section */

/* Begin PBXContainerItemProxy section */
		833C2AB60D2D3FE60097E3CE /* PBXContainerItemProxy */ = {
			isa = PBXContainerItemProxy;
			containerPortal = 2A37F4A9FDCFA73011CA2CEA /* Project object */;
			proxyType = 1;
			remoteGlobalIDString = 833C268A0D2D32850097E3CE;
			remoteInfo = JRSwizzle;
		};
		83AA1D000CDA206F009E7A1A /* PBXContainerItemProxy */ = {
			isa = PBXContainerItemProxy;
			containerPortal = 2A37F4A9FDCFA73011CA2CEA /* Project object */;
			proxyType = 1;
			remoteGlobalIDString = 8D15AC270486D014006FF6A4;
			remoteInfo = Genius;
		};
		83D9BE680CD110EF0092858D /* PBXContainerItemProxy */ = {
			isa = PBXContainerItemProxy;
			containerPortal = 2A37F4A9FDCFA73011CA2CEA /* Project object */;
			proxyType = 1;
			remoteGlobalIDString = 8D15AC270486D014006FF6A4;
			remoteInfo = Genius;
		};
/* End PBXContainerItemProxy section */

/* Begin PBXCopyFilesBuildPhase section */
		83CC19CF0CD1DD5E0002FFA8 /* CopyFiles */ = {
			isa = PBXCopyFilesBuildPhase;
			buildActionMask = 12;
			dstPath = "";
			dstSubfolderSpec = 10;
			files = (
				8360E4F10DA5133A009A290C /* Sparkle.framework in CopyFiles */,
				833C2AAA0D2D3FB40097E3CE /* JRSwizzle.framework in CopyFiles */,
			);
			runOnlyForDeploymentPostprocessing = 0;
		};
		83D9BECF0CD120100092858D /* CopyFiles */ = {
			isa = PBXCopyFilesBuildPhase;
			buildActionMask = 12;
			dstPath = "/Volumes/${PROJECT_NAME}";
			dstSubfolderSpec = 0;
			files = (
				83D9BED70CD122380092858D /* Genius.app in CopyFiles */,
				83D9BED20CD121D40092858D /* COPYING.txt in CopyFiles */,
				83F9D60B0D527761004C531D /* History.html in CopyFiles */,
			);
			runOnlyForDeploymentPostprocessing = 0;
		};
		83F9D61F0D5277E0004C531D /* Copy Samples */ = {
			isa = PBXCopyFilesBuildPhase;
			buildActionMask = 2147483647;
			dstPath = "/Volumes/${PROJECT_NAME}/Samples";
			dstSubfolderSpec = 0;
			files = (
				83F9D61B0D5277C0004C531D /* Canadian Provincial Capitals.genius in Copy Samples */,
				83F9D61C0D5277C0004C531D /* Swadesh Basic Core Vocabulary.genius in Copy Samples */,
				83F9D61D0D5277C0004C531D /* Swedish Verbs.genius in Copy Samples */,
				83F9D61E0D5277C0004C531D /* US State Capitals.genius in Copy Samples */,
			);
			name = "Copy Samples";
			runOnlyForDeploymentPostprocessing = 0;
		};
/* End PBXCopyFilesBuildPhase section */

/* Begin PBXFileReference section */
		1058C7A7FEA54F5311CA2CBB /* Cocoa.framework */ = {isa = PBXFileReference; lastKnownFileType = wrapper.framework; name = Cocoa.framework; path = /System/Library/Frameworks/Cocoa.framework; sourceTree = "<absolute>"; };
		2301C5BE059BEBD2009AE4A0 /* CoreServices.framework */ = {isa = PBXFileReference; lastKnownFileType = wrapper.framework; name = CoreServices.framework; path = /System/Library/Frameworks/CoreServices.framework; sourceTree = "<absolute>"; };
		23AA229A0AA30E31009AF327 /* COPYING.txt */ = {isa = PBXFileReference; fileEncoding = 30; lastKnownFileType = text; path = COPYING.txt; sourceTree = "<group>"; };
		2A37F4C4FDCFA73011CA2CEA /* AppKit.framework */ = {isa = PBXFileReference; lastKnownFileType = wrapper.framework; name = AppKit.framework; path = /System/Library/Frameworks/AppKit.framework; sourceTree = "<absolute>"; };
		2A37F4C5FDCFA73011CA2CEA /* Foundation.framework */ = {isa = PBXFileReference; lastKnownFileType = wrapper.framework; name = Foundation.framework; path = /System/Library/Frameworks/Foundation.framework; sourceTree = "<absolute>"; };
		8303C1010D4F91040073A7F3 /* index.html */ = {isa = PBXFileReference; fileEncoding = 30; lastKnownFileType = text.html; name = index.html; path = /tmp/Genius1/build/Development/DeveloperDocs/index.html; sourceTree = "<absolute>"; };
		832389FE0CC39B1C00782903 /* TODO.txt */ = {isa = PBXFileReference; fileEncoding = 30; lastKnownFileType = text; path = TODO.txt; sourceTree = "<group>"; };
		833C268B0D2D32850097E3CE /* JRSwizzle.framework */ = {isa = PBXFileReference; explicitFileType = wrapper.framework; includeInIndex = 0; path = JRSwizzle.framework; sourceTree = BUILT_PRODUCTS_DIR; };
		83784CAB0D527C8700720968 /* Storage Files.icns */ = {isa = PBXFileReference; lastKnownFileType = image.icns; path = "Storage Files.icns"; sourceTree = "<group>"; };
		83B723BA0D2D3014004668E1 /* JRSwizzle.h */ = {isa = PBXFileReference; fileEncoding = 30; lastKnownFileType = sourcecode.c.h; name = JRSwizzle.h; path = JRSwizzle/JRSwizzle.h; sourceTree = SOURCE_ROOT; };
		83B723BB0D2D3014004668E1 /* JRSwizzle.m */ = {isa = PBXFileReference; fileEncoding = 30; lastKnownFileType = sourcecode.c.objc; name = JRSwizzle.m; path = JRSwizzle/JRSwizzle.m; sourceTree = SOURCE_ROOT; };
		83B723C20D2D305F004668E1 /* JRSwizzle-Info.plist */ = {isa = PBXFileReference; fileEncoding = 30; lastKnownFileType = text.xml; name = "JRSwizzle-Info.plist"; path = "JRSwizzle/JRSwizzle-Info.plist"; sourceTree = SOURCE_ROOT; };
		83CC1CBD0CD2498C0002FFA8 /* SenTestingKit.framework */ = {isa = PBXFileReference; lastKnownFileType = wrapper.framework; name = SenTestingKit.framework; path = /System/Library/Frameworks/SenTestingKit.framework; sourceTree = "<absolute>"; };
		83CC1CD50CD2499B0002FFA8 /* Testing.octest */ = {isa = PBXFileReference; explicitFileType = wrapper.cfbundle; includeInIndex = 0; path = Testing.octest; sourceTree = BUILT_PRODUCTS_DIR; };
		83D9C9820CD8ADD7003B422F /* doxygen.conf */ = {isa = PBXFileReference; fileEncoding = 30; lastKnownFileType = text; path = doxygen.conf; sourceTree = "<group>"; };
		83E0BD7D0D3CD61D000BED1F /* Sparkle.framework */ = {isa = PBXFileReference; lastKnownFileType = wrapper.framework; path = Sparkle.framework; sourceTree = "<group>"; };
		83F9D3770D525EFD004C531D /* GeniusToolbar.h */ = {isa = PBXFileReference; fileEncoding = 30; lastKnownFileType = sourcecode.c.h; path = GeniusToolbar.h; sourceTree = "<group>"; };
		83F9D3780D525EFD004C531D /* GeniusAssociationEnumerator.h */ = {isa = PBXFileReference; fileEncoding = 30; lastKnownFileType = sourcecode.c.h; path = GeniusAssociationEnumerator.h; sourceTree = "<group>"; };
		83F9D3790D525EFD004C531D /* GeniusHelpWindowController.h */ = {isa = PBXFileReference; fileEncoding = 30; lastKnownFileType = sourcecode.c.h; path = GeniusHelpWindowController.h; sourceTree = "<group>"; };
		83F9D37A0D525EFD004C531D /* MyQuizController.h */ = {isa = PBXFileReference; fileEncoding = 30; lastKnownFileType = sourcecode.c.h; path = MyQuizController.h; sourceTree = "<group>"; };
		83F9D37B0D525EFD004C531D /* IconTextFieldCell.h */ = {isa = PBXFileReference; fileEncoding = 30; lastKnownFileType = sourcecode.c.h; path = IconTextFieldCell.h; sourceTree = "<group>"; };
		83F9D37C0D525EFD004C531D /* IsPairImportantTransformer.h */ = {isa = PBXFileReference; fileEncoding = 30; lastKnownFileType = sourcecode.c.h; path = IsPairImportantTransformer.h; sourceTree = "<group>"; };
		83F9D37D0D525EFD004C531D /* GeniusDocument_DebugLogging.h */ = {isa = PBXFileReference; fileEncoding = 30; lastKnownFileType = sourcecode.c.h; path = GeniusDocument_DebugLogging.h; sourceTree = "<group>"; };
		83F9D37E0D525EFD004C531D /* ParagraphStyleFormatter.h */ = {isa = PBXFileReference; fileEncoding = 30; lastKnownFileType = sourcecode.c.h; path = ParagraphStyleFormatter.h; sourceTree = "<group>"; };
		83F9D37F0D525EFD004C531D /* GeniusItem.h */ = {isa = PBXFileReference; fileEncoding = 30; lastKnownFileType = sourcecode.c.h; path = GeniusItem.h; sourceTree = "<group>"; };
		83F9D3800D525EFD004C531D /* GeniusDocument.h */ = {isa = PBXFileReference; fileEncoding = 30; lastKnownFileType = sourcecode.c.h; path = GeniusDocument.h; sourceTree = "<group>"; };
		83F9D3810D525EFD004C531D /* GeniusWelcomePanel.h */ = {isa = PBXFileReference; fileEncoding = 30; lastKnownFileType = sourcecode.c.h; path = GeniusWelcomePanel.h; sourceTree = "<group>"; };
		83F9D3820D525EFD004C531D /* GeniusPreferencesController.h */ = {isa = PBXFileReference; fileEncoding = 30; lastKnownFileType = sourcecode.c.h; path = GeniusPreferencesController.h; sourceTree = "<group>"; };
		83F9D3830D525EFD004C531D /* ColorFromPairImportanceTransformer.h */ = {isa = PBXFileReference; fileEncoding = 30; lastKnownFileType = sourcecode.c.h; path = ColorFromPairImportanceTransformer.h; sourceTree = "<group>"; };
		83F9D3840D525EFD004C531D /* GeniusAssociation.h */ = {isa = PBXFileReference; fileEncoding = 30; lastKnownFileType = sourcecode.c.h; path = GeniusAssociation.h; sourceTree = "<group>"; };
		83F9D3850D525EFD004C531D /* GeniusPreferencesController.m */ = {isa = PBXFileReference; fileEncoding = 30; lastKnownFileType = sourcecode.c.objc; path = GeniusPreferencesController.m; sourceTree = "<group>"; };
		83F9D3860D525EFD004C531D /* IsPairImportantTransformer.m */ = {isa = PBXFileReference; fileEncoding = 30; lastKnownFileType = sourcecode.c.objc; path = IsPairImportantTransformer.m; sourceTree = "<group>"; };
		83F9D3870D525EFD004C531D /* NSString+Similiarity.h */ = {isa = PBXFileReference; fileEncoding = 30; lastKnownFileType = sourcecode.c.h; path = "NSString+Similiarity.h"; sourceTree = "<group>"; };
		83F9D3880D525EFD004C531D /* NSString+Similiarity.m */ = {isa = PBXFileReference; fileEncoding = 30; lastKnownFileType = sourcecode.c.objc; path = "NSString+Similiarity.m"; sourceTree = "<group>"; };
		83F9D3890D525EFD004C531D /* MyQuizController.m */ = {isa = PBXFileReference; fileEncoding = 30; lastKnownFileType = sourcecode.c.objc; path = MyQuizController.m; sourceTree = "<group>"; };
		83F9D38A0D525EFD004C531D /* ParagraphStyleFormatter.m */ = {isa = PBXFileReference; fileEncoding = 30; lastKnownFileType = sourcecode.c.objc; path = ParagraphStyleFormatter.m; sourceTree = "<group>"; };
		83F9D38B0D525EFD004C531D /* GeniusHelpWindowController.m */ = {isa = PBXFileReference; fileEncoding = 30; lastKnownFileType = sourcecode.c.objc; path = GeniusHelpWindowController.m; sourceTree = "<group>"; };
		83F9D38C0D525EFD004C531D /* GeniusDocumentFile.h */ = {isa = PBXFileReference; fileEncoding = 30; lastKnownFileType = sourcecode.c.h; path = GeniusDocumentFile.h; sourceTree = "<group>"; };
		83F9D38D0D525EFD004C531D /* GeniusStringDiff.h */ = {isa = PBXFileReference; fileEncoding = 30; lastKnownFileType = sourcecode.c.h; path = GeniusStringDiff.h; sourceTree = "<group>"; };
		83F9D38E0D525EFD004C531D /* GeniusAppDelegate.m */ = {isa = PBXFileReference; fileEncoding = 30; lastKnownFileType = sourcecode.c.objc; path = GeniusAppDelegate.m; sourceTree = "<group>"; };
		83F9D38F0D525EFD004C531D /* GeniusDocument_DebugLogging.m */ = {isa = PBXFileReference; fileEncoding = 30; lastKnownFileType = sourcecode.c.objc; path = GeniusDocument_DebugLogging.m; sourceTree = "<group>"; };
		83F9D3900D525EFD004C531D /* GeniusWelcomePanel.m */ = {isa = PBXFileReference; fileEncoding = 30; lastKnownFileType = sourcecode.c.objc; path = GeniusWelcomePanel.m; sourceTree = "<group>"; };
		83F9D3910D525EFD004C531D /* GSTableView.m */ = {isa = PBXFileReference; fileEncoding = 30; lastKnownFileType = sourcecode.c.objc; path = GSTableView.m; sourceTree = "<group>"; };
		83F9D3920D525EFD004C531D /* GeniusDocumentFile.m */ = {isa = PBXFileReference; fileEncoding = 30; lastKnownFileType = sourcecode.c.objc; path = GeniusDocumentFile.m; sourceTree = "<group>"; };
		83F9D3930D525EFD004C531D /* GSTableView.h */ = {isa = PBXFileReference; fileEncoding = 30; lastKnownFileType = sourcecode.c.h; path = GSTableView.h; sourceTree = "<group>"; };
		83F9D3940D525EFD004C531D /* GeniusAppDelegate.h */ = {isa = PBXFileReference; fileEncoding = 30; lastKnownFileType = sourcecode.c.h; path = GeniusAppDelegate.h; sourceTree = "<group>"; };
		83F9D3950D525EFD004C531D /* GeniusDocumentFileTest.m */ = {isa = PBXFileReference; fileEncoding = 30; lastKnownFileType = sourcecode.c.objc; path = GeniusDocumentFileTest.m; sourceTree = "<group>"; };
		83F9D3960D525EFD004C531D /* IconTextFieldCell.m */ = {isa = PBXFileReference; fileEncoding = 30; lastKnownFileType = sourcecode.c.objc; path = IconTextFieldCell.m; sourceTree = "<group>"; };
		83F9D3970D525EFD004C531D /* GeniusAssociation.m */ = {isa = PBXFileReference; fileEncoding = 30; lastKnownFileType = sourcecode.c.objc; path = GeniusAssociation.m; sourceTree = "<group>"; };
		83F9D3980D525EFD004C531D /* GeniusStringDiff.m */ = {isa = PBXFileReference; fileEncoding = 30; lastKnownFileType = sourcecode.c.objc; path = GeniusStringDiff.m; sourceTree = "<group>"; };
		83F9D3990D525EFD004C531D /* GeniusDocument.m */ = {isa = PBXFileReference; fileEncoding = 30; lastKnownFileType = sourcecode.c.objc; path = GeniusDocument.m; sourceTree = "<group>"; };
		83F9D39A0D525EFD004C531D /* GeniusItem.m */ = {isa = PBXFileReference; fileEncoding = 30; lastKnownFileType = sourcecode.c.objc; path = GeniusItem.m; sourceTree = "<group>"; };
		83F9D39B0D525EFD004C531D /* GeniusPairTest.m */ = {isa = PBXFileReference; fileEncoding = 30; lastKnownFileType = sourcecode.c.objc; path = GeniusPairTest.m; sourceTree = "<group>"; };
		83F9D39C0D525EFD004C531D /* GeniusPair.h */ = {isa = PBXFileReference; fileEncoding = 30; lastKnownFileType = sourcecode.c.h; path = GeniusPair.h; sourceTree = "<group>"; };
		83F9D39D0D525EFD004C531D /* GeniusPair.m */ = {isa = PBXFileReference; fileEncoding = 30; lastKnownFileType = sourcecode.c.objc; path = GeniusPair.m; sourceTree = "<group>"; };
		83F9D39E0D525EFD004C531D /* ColorFromPairImportanceTransformer.m */ = {isa = PBXFileReference; fileEncoding = 30; lastKnownFileType = sourcecode.c.objc; path = ColorFromPairImportanceTransformer.m; sourceTree = "<group>"; };
		83F9D39F0D525EFD004C531D /* GeniusToolbar.m */ = {isa = PBXFileReference; fileEncoding = 30; lastKnownFileType = sourcecode.c.objc; path = GeniusToolbar.m; sourceTree = "<group>"; };
		83F9D3A00D525EFD004C531D /* GeniusAssociationEnumerator.m */ = {isa = PBXFileReference; fileEncoding = 30; lastKnownFileType = sourcecode.c.objc; path = GeniusAssociationEnumerator.m; sourceTree = "<group>"; };
		83F9D3CB0D525F30004C531D /* Genius_Prefix.pch */ = {isa = PBXFileReference; fileEncoding = 30; lastKnownFileType = sourcecode.c.h; path = Genius_Prefix.pch; sourceTree = "<group>"; };
		83F9D3CC0D525F30004C531D /* main.m */ = {isa = PBXFileReference; fileEncoding = 30; lastKnownFileType = sourcecode.c.objc; path = main.m; sourceTree = "<group>"; };
		83F9D3D00D525F7B004C531D /* English */ = {isa = PBXFileReference; lastKnownFileType = wrapper.nib; name = English; path = English.lproj/GeniusDocument.nib; sourceTree = "<group>"; };
		83F9D3D70D525F8F004C531D /* English */ = {isa = PBXFileReference; lastKnownFileType = wrapper.nib; name = English; path = English.lproj/Help.nib; sourceTree = "<group>"; };
		83F9D3DE0D525F9B004C531D /* English */ = {isa = PBXFileReference; fileEncoding = 10; lastKnownFileType = text.plist.strings; name = English; path = English.lproj/InfoPlist.strings; sourceTree = "<group>"; };
		83F9D3E00D525F9B004C531D /* English */ = {isa = PBXFileReference; fileEncoding = 10; lastKnownFileType = text.plist.strings; name = English; path = English.lproj/Localizable.strings; sourceTree = "<group>"; };
		83F9D3E20D525F9B004C531D /* English */ = {isa = PBXFileReference; lastKnownFileType = wrapper.nib; name = English; path = English.lproj/Preferences.nib; sourceTree = "<group>"; };
		83F9D3E40D525F9B004C531D /* English */ = {isa = PBXFileReference; lastKnownFileType = wrapper.nib; name = English; path = English.lproj/MainMenu.nib; sourceTree = "<group>"; };
		83F9D3E60D525F9B004C531D /* English */ = {isa = PBXFileReference; lastKnownFileType = wrapper.nib; name = English; path = English.lproj/WelcomePanel.nib; sourceTree = "<group>"; };
		83F9D3E80D525F9B004C531D /* English */ = {isa = PBXFileReference; lastKnownFileType = wrapper.nib; name = English; path = English.lproj/Quiz.nib; sourceTree = "<group>"; };
		83F9D3EA0D525F9B004C531D /* English */ = {isa = PBXFileReference; lastKnownFileType = wrapper.nib; name = English; path = English.lproj/PreQuiz.nib; sourceTree = "<group>"; };
		83F9D3EC0D525F9B004C531D /* English */ = {isa = PBXFileReference; lastKnownFileType = text.rtf; name = English; path = English.lproj/Help.rtf; sourceTree = "<group>"; };
		83F9D3EE0D525F9B004C531D /* English */ = {isa = PBXFileReference; lastKnownFileType = text.rtf; name = English; path = English.lproj/Credits.rtf; sourceTree = "<group>"; };
		83F9D40D0D52600D004C531D /* Info.plist */ = {isa = PBXFileReference; fileEncoding = 30; lastKnownFileType = text.xml; path = Info.plist; sourceTree = "<group>"; };
		83F9D4F90D5266B9004C531D /* Add_Pressed.tiff */ = {isa = PBXFileReference; lastKnownFileType = image.tiff; path = Add_Pressed.tiff; sourceTree = "<group>"; };
		83F9D4FA0D5266B9004C531D /* Add.tiff */ = {isa = PBXFileReference; lastKnownFileType = image.tiff; path = Add.tiff; sourceTree = "<group>"; };
		83F9D4FB0D5266B9004C531D /* Information.tiff */ = {isa = PBXFileReference; lastKnownFileType = image.tiff; path = Information.tiff; sourceTree = "<group>"; };
		83F9D4FC0D5266B9004C531D /* Inspector.png */ = {isa = PBXFileReference; lastKnownFileType = image.png; path = Inspector.png; sourceTree = "<group>"; };
		83F9D4FD0D5266B9004C531D /* status-green.tiff */ = {isa = PBXFileReference; lastKnownFileType = image.tiff; path = "status-green.tiff"; sourceTree = "<group>"; };
		83F9D4FE0D5266B9004C531D /* status-red.tiff */ = {isa = PBXFileReference; lastKnownFileType = image.tiff; path = "status-red.tiff"; sourceTree = "<group>"; };
		83F9D4FF0D5266B9004C531D /* status-yellow.tiff */ = {isa = PBXFileReference; lastKnownFileType = image.tiff; path = "status-yellow.tiff"; sourceTree = "<group>"; };
		83F9D5080D5266F5004C531D /* Genius.icns */ = {isa = PBXFileReference; lastKnownFileType = image.icns; path = Genius.icns; sourceTree = "<group>"; };
		83F9D5780D527441004C531D /* play.tiff */ = {isa = PBXFileReference; lastKnownFileType = image.tiff; path = play.tiff; sourceTree = "<group>"; };
		83F9D5D50D5275D0004C531D /* TestFile1.genius */ = {isa = PBXFileReference; lastKnownFileType = file; path = TestFile1.genius; sourceTree = "<group>"; };
		83F9D60A0D527761004C531D /* History.html */ = {isa = PBXFileReference; fileEncoding = 30; lastKnownFileType = text.html; path = History.html; sourceTree = "<group>"; };
		83F9D6170D5277C0004C531D /* Canadian Provincial Capitals.genius */ = {isa = PBXFileReference; fileEncoding = 30; lastKnownFileType = text.xml; path = "Canadian Provincial Capitals.genius"; sourceTree = "<group>"; };
		83F9D6180D5277C0004C531D /* Swadesh Basic Core Vocabulary.genius */ = {isa = PBXFileReference; fileEncoding = 30; lastKnownFileType = text.xml; path = "Swadesh Basic Core Vocabulary.genius"; sourceTree = "<group>"; };
		83F9D6190D5277C0004C531D /* Swedish Verbs.genius */ = {isa = PBXFileReference; fileEncoding = 30; lastKnownFileType = text.xml; path = "Swedish Verbs.genius"; sourceTree = "<group>"; };
		83F9D61A0D5277C0004C531D /* US State Capitals.genius */ = {isa = PBXFileReference; lastKnownFileType = file; path = "US State Capitals.genius"; sourceTree = "<group>"; };
		8D15AC370486D014006FF6A4 /* Genius.app */ = {isa = PBXFileReference; explicitFileType = wrapper.application; includeInIndex = 0; path = Genius.app; sourceTree = BUILT_PRODUCTS_DIR; };
/* End PBXFileReference section */

/* Begin PBXFrameworksBuildPhase section */
		833C26890D2D32850097E3CE /* Frameworks */ = {
			isa = PBXFrameworksBuildPhase;
			buildActionMask = 2147483647;
			files = (
			);
			runOnlyForDeploymentPostprocessing = 0;
		};
		83CC1CD20CD2499B0002FFA8 /* Frameworks */ = {
			isa = PBXFrameworksBuildPhase;
			buildActionMask = 2147483647;
			files = (
			);
			runOnlyForDeploymentPostprocessing = 0;
		};
		8D15AC330486D014006FF6A4 /* Frameworks */ = {
			isa = PBXFrameworksBuildPhase;
			buildActionMask = 2147483647;
			files = (
				833C26CD0D2D3AD00097E3CE /* JRSwizzle.framework in Frameworks */,
				8D15AC340486D014006FF6A4 /* Cocoa.framework in Frameworks */,
				2301C5BF059BEBD2009AE4A0 /* CoreServices.framework in Frameworks */,
				83E0BD910D3CD61D000BED1F /* Sparkle.framework in Frameworks */,
			);
			runOnlyForDeploymentPostprocessing = 0;
		};
/* End PBXFrameworksBuildPhase section */

/* Begin PBXGroup section */
		1058C7A6FEA54F5311CA2CBB /* Linked Frameworks */ = {
			isa = PBXGroup;
			children = (
				83E0BD7D0D3CD61D000BED1F /* Sparkle.framework */,
				83CC1CBD0CD2498C0002FFA8 /* SenTestingKit.framework */,
				2301C5BE059BEBD2009AE4A0 /* CoreServices.framework */,
				1058C7A7FEA54F5311CA2CBB /* Cocoa.framework */,
			);
			name = "Linked Frameworks";
			sourceTree = "<group>";
		};
		1058C7A8FEA54F5311CA2CBB /* Other Frameworks */ = {
			isa = PBXGroup;
			children = (
				2A37F4C5FDCFA73011CA2CEA /* Foundation.framework */,
				2A37F4C4FDCFA73011CA2CEA /* AppKit.framework */,
			);
			name = "Other Frameworks";
			sourceTree = "<group>";
		};
		19C28FB0FE9D524F11CA2CBB /* Products */ = {
			isa = PBXGroup;
			children = (
				8D15AC370486D014006FF6A4 /* Genius.app */,
				83CC1CD50CD2499B0002FFA8 /* Testing.octest */,
				833C268B0D2D32850097E3CE /* JRSwizzle.framework */,
			);
			name = Products;
			sourceTree = "<group>";
		};
		2A37F4AAFDCFA73011CA2CEA /* Genius */ = {
			isa = PBXGroup;
			children = (
				83F9D3710D525E19004C531D /* Classes */,
				83F9D36E0D525E19004C531D /* Other Sources */,
				83F9D36B0D525E12004C531D /* Resources */,
				2A37F4C3FDCFA73011CA2CEA /* Frameworks */,
				19C28FB0FE9D524F11CA2CBB /* Products */,
				83F9D4A90D526386004C531D /* Testing */,
				83D9C97F0CD8AD8E003B422F /* Developer Docs */,
				83B723B70D2D2FDE004668E1 /* JRSwizzle */,
				832389FE0CC39B1C00782903 /* TODO.txt */,
				83F9D60D0D527780004C531D /* User Info */,
			);
			name = Genius;
			sourceTree = "<group>";
		};
		2A37F4C3FDCFA73011CA2CEA /* Frameworks */ = {
			isa = PBXGroup;
			children = (
				1058C7A6FEA54F5311CA2CBB /* Linked Frameworks */,
				1058C7A8FEA54F5311CA2CBB /* Other Frameworks */,
			);
			name = Frameworks;
			sourceTree = "<group>";
		};
		83B723B70D2D2FDE004668E1 /* JRSwizzle */ = {
			isa = PBXGroup;
			children = (
				83B723C20D2D305F004668E1 /* JRSwizzle-Info.plist */,
				83B723BA0D2D3014004668E1 /* JRSwizzle.h */,
				83B723BB0D2D3014004668E1 /* JRSwizzle.m */,
			);
			path = JRSwizzle;
			sourceTree = "<group>";
		};
		83D9C97F0CD8AD8E003B422F /* Developer Docs */ = {
			isa = PBXGroup;
			children = (
				8303C1010D4F91040073A7F3 /* index.html */,
				83D9C9820CD8ADD7003B422F /* doxygen.conf */,
			);
			name = "Developer Docs";
			sourceTree = "<group>";
		};
		83F9D36B0D525E12004C531D /* Resources */ = {
			isa = PBXGroup;
			children = (
				83F9D4F80D52668B004C531D /* Images */,
				83F9D40D0D52600D004C531D /* Info.plist */,
				83F9D3DD0D525F9B004C531D /* InfoPlist.strings */,
				83F9D3DF0D525F9B004C531D /* Localizable.strings */,
				83F9D3E10D525F9B004C531D /* Preferences.nib */,
				83F9D3E30D525F9B004C531D /* MainMenu.nib */,
				83F9D3E50D525F9B004C531D /* WelcomePanel.nib */,
				83F9D3E70D525F9B004C531D /* Quiz.nib */,
				83F9D3E90D525F9B004C531D /* PreQuiz.nib */,
				83F9D3EB0D525F9B004C531D /* Help.rtf */,
				83F9D3ED0D525F9B004C531D /* Credits.rtf */,
				83F9D3D60D525F8F004C531D /* Help.nib */,
				83F9D3CF0D525F7B004C531D /* GeniusDocument.nib */,
				83F9D5080D5266F5004C531D /* Genius.icns */,
				83784CAB0D527C8700720968 /* Storage Files.icns */,
			);
			name = Resources;
			sourceTree = "<group>";
		};
		83F9D36E0D525E19004C531D /* Other Sources */ = {
			isa = PBXGroup;
			children = (
				83F9D3CB0D525F30004C531D /* Genius_Prefix.pch */,
				83F9D3CC0D525F30004C531D /* main.m */,
			);
			name = "Other Sources";
			sourceTree = "<group>";
		};
		83F9D3710D525E19004C531D /* Classes */ = {
			isa = PBXGroup;
			children = (
				83F9D3800D525EFD004C531D /* GeniusDocument.h */,
				83F9D3990D525EFD004C531D /* GeniusDocument.m */,
				83F9D37D0D525EFD004C531D /* GeniusDocument_DebugLogging.h */,
				83F9D38F0D525EFD004C531D /* GeniusDocument_DebugLogging.m */,
				83F9D37A0D525EFD004C531D /* MyQuizController.h */,
				83F9D3890D525EFD004C531D /* MyQuizController.m */,
				83F9D3940D525EFD004C531D /* GeniusAppDelegate.h */,
				83F9D38E0D525EFD004C531D /* GeniusAppDelegate.m */,
				83F9D38C0D525EFD004C531D /* GeniusDocumentFile.h */,
				83F9D3920D525EFD004C531D /* GeniusDocumentFile.m */,
				83F9D4AE0D526483004C531D /* Controller */,
				83F9D4AD0D52647C004C531D /* View */,
				83F9D4AC0D526428004C531D /* Model */,
				83F9D4DA0D526558004C531D /* Utility */,
			);
			name = Classes;
			sourceTree = "<group>";
		};
		83F9D4A90D526386004C531D /* Testing */ = {
			isa = PBXGroup;
			children = (
				83F9D5D50D5275D0004C531D /* TestFile1.genius */,
				83F9D3950D525EFD004C531D /* GeniusDocumentFileTest.m */,
				83F9D39B0D525EFD004C531D /* GeniusPairTest.m */,
			);
			name = Testing;
			sourceTree = "<group>";
		};
		83F9D4AC0D526428004C531D /* Model */ = {
			isa = PBXGroup;
			children = (
				83F9D3840D525EFD004C531D /* GeniusAssociation.h */,
				83F9D3970D525EFD004C531D /* GeniusAssociation.m */,
				83F9D37F0D525EFD004C531D /* GeniusItem.h */,
				83F9D39A0D525EFD004C531D /* GeniusItem.m */,
				83F9D39C0D525EFD004C531D /* GeniusPair.h */,
				83F9D39D0D525EFD004C531D /* GeniusPair.m */,
			);
			name = Model;
			sourceTree = "<group>";
		};
		83F9D4AD0D52647C004C531D /* View */ = {
			isa = PBXGroup;
			children = (
				83F9D3770D525EFD004C531D /* GeniusToolbar.h */,
				83F9D39F0D525EFD004C531D /* GeniusToolbar.m */,
				83F9D37B0D525EFD004C531D /* IconTextFieldCell.h */,
				83F9D3960D525EFD004C531D /* IconTextFieldCell.m */,
				83F9D37C0D525EFD004C531D /* IsPairImportantTransformer.h */,
				83F9D3860D525EFD004C531D /* IsPairImportantTransformer.m */,
				83F9D37E0D525EFD004C531D /* ParagraphStyleFormatter.h */,
				83F9D38A0D525EFD004C531D /* ParagraphStyleFormatter.m */,
				83F9D3830D525EFD004C531D /* ColorFromPairImportanceTransformer.h */,
				83F9D39E0D525EFD004C531D /* ColorFromPairImportanceTransformer.m */,
				83F9D3930D525EFD004C531D /* GSTableView.h */,
				83F9D3910D525EFD004C531D /* GSTableView.m */,
			);
			name = View;
			sourceTree = "<group>";
		};
		83F9D4AE0D526483004C531D /* Controller */ = {
			isa = PBXGroup;
			children = (
				83F9D3780D525EFD004C531D /* GeniusAssociationEnumerator.h */,
				83F9D3A00D525EFD004C531D /* GeniusAssociationEnumerator.m */,
				83F9D3790D525EFD004C531D /* GeniusHelpWindowController.h */,
				83F9D38B0D525EFD004C531D /* GeniusHelpWindowController.m */,
				83F9D3820D525EFD004C531D /* GeniusPreferencesController.h */,
				83F9D3850D525EFD004C531D /* GeniusPreferencesController.m */,
				83F9D3810D525EFD004C531D /* GeniusWelcomePanel.h */,
				83F9D3900D525EFD004C531D /* GeniusWelcomePanel.m */,
			);
			name = Controller;
			sourceTree = "<group>";
		};
		83F9D4DA0D526558004C531D /* Utility */ = {
			isa = PBXGroup;
			children = (
				83F9D3870D525EFD004C531D /* NSString+Similiarity.h */,
				83F9D3880D525EFD004C531D /* NSString+Similiarity.m */,
				83F9D38D0D525EFD004C531D /* GeniusStringDiff.h */,
				83F9D3980D525EFD004C531D /* GeniusStringDiff.m */,
			);
			name = Utility;
			sourceTree = "<group>";
		};
		83F9D4F80D52668B004C531D /* Images */ = {
			isa = PBXGroup;
			children = (
				83F9D5780D527441004C531D /* play.tiff */,
				83F9D4F90D5266B9004C531D /* Add_Pressed.tiff */,
				83F9D4FA0D5266B9004C531D /* Add.tiff */,
				83F9D4FB0D5266B9004C531D /* Information.tiff */,
				83F9D4FC0D5266B9004C531D /* Inspector.png */,
				83F9D4FD0D5266B9004C531D /* status-green.tiff */,
				83F9D4FE0D5266B9004C531D /* status-red.tiff */,
				83F9D4FF0D5266B9004C531D /* status-yellow.tiff */,
			);
			name = Images;
			sourceTree = "<group>";
		};
		83F9D60D0D527780004C531D /* User Info */ = {
			isa = PBXGroup;
			children = (
				83F9D60A0D527761004C531D /* History.html */,
				23AA229A0AA30E31009AF327 /* COPYING.txt */,
				83F9D6170D5277C0004C531D /* Canadian Provincial Capitals.genius */,
				83F9D6180D5277C0004C531D /* Swadesh Basic Core Vocabulary.genius */,
				83F9D6190D5277C0004C531D /* Swedish Verbs.genius */,
				83F9D61A0D5277C0004C531D /* US State Capitals.genius */,
			);
			name = "User Info";
			sourceTree = "<group>";
		};
/* End PBXGroup section */

/* Begin PBXHeadersBuildPhase section */
		833C26860D2D32850097E3CE /* Headers */ = {
			isa = PBXHeadersBuildPhase;
			buildActionMask = 2147483647;
			files = (
				833C26A10D2D33840097E3CE /* JRSwizzle.h in Headers */,
			);
			runOnlyForDeploymentPostprocessing = 0;
		};
		8D15AC280486D014006FF6A4 /* Headers */ = {
			isa = PBXHeadersBuildPhase;
			buildActionMask = 2147483647;
			files = (
			);
			runOnlyForDeploymentPostprocessing = 0;
		};
/* End PBXHeadersBuildPhase section */

/* Begin PBXNativeTarget section */
		833C268A0D2D32850097E3CE /* JRSwizzle */ = {
			isa = PBXNativeTarget;
			buildConfigurationList = 833C268D0D2D32850097E3CE /* Build configuration list for PBXNativeTarget "JRSwizzle" */;
			buildPhases = (
				833C26860D2D32850097E3CE /* Headers */,
				833C26870D2D32850097E3CE /* Resources */,
				833C26880D2D32850097E3CE /* Sources */,
				833C26890D2D32850097E3CE /* Frameworks */,
			);
			buildRules = (
			);
			dependencies = (
			);
			name = JRSwizzle;
			productName = JRSwizzle;
			productReference = 833C268B0D2D32850097E3CE /* JRSwizzle.framework */;
			productType = "com.apple.product-type.framework";
		};
		83CC1CD40CD2499B0002FFA8 /* Testing */ = {
			isa = PBXNativeTarget;
			buildConfigurationList = 83CC1CD70CD2499C0002FFA8 /* Build configuration list for PBXNativeTarget "Testing" */;
			buildPhases = (
				83CC1CD00CD2499B0002FFA8 /* Resources */,
				83CC1CD10CD2499B0002FFA8 /* Sources */,
				83CC1CD20CD2499B0002FFA8 /* Frameworks */,
				83CC1CD30CD2499B0002FFA8 /* ShellScript */,
			);
			buildRules = (
			);
			dependencies = (
				83AA1D010CDA206F009E7A1A /* PBXTargetDependency */,
			);
			name = Testing;
			productName = Test;
			productReference = 83CC1CD50CD2499B0002FFA8 /* Testing.octest */;
			productType = "com.apple.product-type.bundle";
		};
		8D15AC270486D014006FF6A4 /* Genius */ = {
			isa = PBXNativeTarget;
			buildConfigurationList = 23D0AFE40AA1C7F50069E6D3 /* Build configuration list for PBXNativeTarget "Genius" */;
			buildPhases = (
				8D15AC280486D014006FF6A4 /* Headers */,
				8D15AC2B0486D014006FF6A4 /* Resources */,
				8D15AC300486D014006FF6A4 /* Sources */,
				8D15AC330486D014006FF6A4 /* Frameworks */,
				83CC19CF0CD1DD5E0002FFA8 /* CopyFiles */,
			);
			buildRules = (
			);
			dependencies = (
				833C2AB70D2D3FE60097E3CE /* PBXTargetDependency */,
			);
			name = Genius;
			productInstallPath = "$(HOME)/Applications";
			productName = "Vocab-O-Matic";
			productReference = 8D15AC370486D014006FF6A4 /* Genius.app */;
			productType = "com.apple.product-type.application";
		};
/* End PBXNativeTarget section */

/* Begin PBXProject section */
		2A37F4A9FDCFA73011CA2CEA /* Project object */ = {
			isa = PBXProject;
			buildConfigurationList = 23D0AFE80AA1C7F50069E6D3 /* Build configuration list for PBXProject "Genius" */;
			compatibilityVersion = "Xcode 2.4";
			hasScannedForEncodings = 1;
			mainGroup = 2A37F4AAFDCFA73011CA2CEA /* Genius */;
			projectDirPath = "";
			projectRoot = "";
			targets = (
				8D15AC270486D014006FF6A4 /* Genius */,
				83D9BE670CD110E90092858D /* DiskImage */,
				83CC1CD40CD2499B0002FFA8 /* Testing */,
				83D9C9780CD8AC7D003B422F /* DeveloperDocs */,
				833C268A0D2D32850097E3CE /* JRSwizzle */,
			);
		};
/* End PBXProject section */

/* Begin PBXResourcesBuildPhase section */
		833C26870D2D32850097E3CE /* Resources */ = {
			isa = PBXResourcesBuildPhase;
			buildActionMask = 2147483647;
			files = (
				833C26A90D2D36110097E3CE /* JRSwizzle-Info.plist in Resources */,
			);
			runOnlyForDeploymentPostprocessing = 0;
		};
		83CC1CD00CD2499B0002FFA8 /* Resources */ = {
			isa = PBXResourcesBuildPhase;
			buildActionMask = 2147483647;
			files = (
				83F9D5DE0D5275EA004C531D /* TestFile1.genius in Resources */,
			);
			runOnlyForDeploymentPostprocessing = 0;
		};
		8D15AC2B0486D014006FF6A4 /* Resources */ = {
			isa = PBXResourcesBuildPhase;
			buildActionMask = 2147483647;
			files = (
				83F9D3D50D525F7B004C531D /* GeniusDocument.nib in Resources */,
				83F9D3DC0D525F8F004C531D /* Help.nib in Resources */,
				83F9D4030D525F9B004C531D /* InfoPlist.strings in Resources */,
				83F9D4040D525F9B004C531D /* Localizable.strings in Resources */,
				83F9D4050D525F9B004C531D /* Preferences.nib in Resources */,
				83F9D4060D525F9B004C531D /* MainMenu.nib in Resources */,
				83F9D4070D525F9B004C531D /* WelcomePanel.nib in Resources */,
				83F9D4080D525F9B004C531D /* Quiz.nib in Resources */,
				83F9D4090D525F9B004C531D /* PreQuiz.nib in Resources */,
				83F9D40A0D525F9B004C531D /* Help.rtf in Resources */,
				83F9D40B0D525F9B004C531D /* Credits.rtf in Resources */,
				83F9D40E0D52600D004C531D /* Info.plist in Resources */,
				83F9D5000D5266B9004C531D /* Add_Pressed.tiff in Resources */,
				83F9D5010D5266B9004C531D /* Add.tiff in Resources */,
				83F9D5020D5266B9004C531D /* Information.tiff in Resources */,
				83F9D5030D5266B9004C531D /* Inspector.png in Resources */,
				83F9D5040D5266B9004C531D /* status-green.tiff in Resources */,
				83F9D5050D5266B9004C531D /* status-red.tiff in Resources */,
				83F9D5060D5266B9004C531D /* status-yellow.tiff in Resources */,
				83F9D50A0D5266F5004C531D /* Genius.icns in Resources */,
				83F9D5790D527441004C531D /* play.tiff in Resources */,
				83784CAF0D527D1900720968 /* Storage Files.icns in Resources */,
			);
			runOnlyForDeploymentPostprocessing = 0;
		};
/* End PBXResourcesBuildPhase section */

/* Begin PBXShellScriptBuildPhase section */
		83CC1CD30CD2499B0002FFA8 /* ShellScript */ = {
			isa = PBXShellScriptBuildPhase;
			buildActionMask = 2147483647;
			files = (
			);
			inputPaths = (
			);
			outputPaths = (
			);
			runOnlyForDeploymentPostprocessing = 0;
			shellPath = /bin/sh;
			shellScript = "# Run the unit tests in this test bundle.\n\"${SYSTEM_DEVELOPER_DIR}/Tools/RunUnitTests\"\n";
			showEnvVarsInLog = 0;
		};
		83D9BE660CD110E90092858D /* Convert Image */ = {
			isa = PBXShellScriptBuildPhase;
			buildActionMask = 12;
			files = (
			);
			inputPaths = (
			);
			name = "Convert Image";
			outputPaths = (
			);
			runOnlyForDeploymentPostprocessing = 0;
			shellPath = /bin/bash;
			shellScript = "# unmount image\nif ! hdiutil detach /Volumes/${PROJECT_NAME}; then\n\techo \"error: Can't unmount volume /Volumes/${PROJECT_NAME}\" 1>&2\n\tif ! hdiutil info | grep -q /Volumes/Genius; then\n\t\techo \"error: Please move /Volumes/${PROJECT_NAME} elsewhere.  It doesn't seem to be a mounted image.\" 1>&2\n\telse\n\t\techo \"error: Please unmount /Volumes/${PROJECT_NAME} yourself.  The volume is busy.\" 1>&2\n\tfi\n\texit -1;\nfi\n\n# convert to read only compressed archive leaving the result in build root.\nif ! hdiutil convert -ov -format UDZO -o ${BUILT_PRODUCTS_DIR}/${PROJECT_NAME}-1.7.${SVNREV}.dmg ${DERIVED_FILE_DIR}/${PROJECT_NAME}.dmg\nthen\n\t/bin/echo \"error: Can't convert dmg ${DERIVED_FILE_DIR}/${PROJECT_NAME}.dmg\" 1>&2\n\texit -1;\nfi\n\nexit 0";
			showEnvVarsInLog = 0;
		};
		83D9BED50CD122050092858D /* Create Image */ = {
			isa = PBXShellScriptBuildPhase;
			buildActionMask = 2147483647;
			files = (
			);
			inputPaths = (
			);
			name = "Create Image";
			outputPaths = (
			);
			runOnlyForDeploymentPostprocessing = 0;
			shellPath = /bin/bash;
			shellScript = "# check for and try to clean up leftovers at /Volumes/Genius\nif test -e /Volumes/${PROJECT_NAME}\nthen\n\tif ! hdiutil detach /Volumes/${PROJECT_NAME}\n\tthen\n\t\techo \"error: Can't unmount volume /Volumes/${PROJECT_NAME}\" 1>&2\n\t\tif ! hdiutil info | grep -q /Volumes/Genius\n\t\tthen\n\t\t\techo \"error: Please move /Volumes/${PROJECT_NAME} elsewhere.  It doesn't seem to be a mounted image.\" 1>&2\n\t\telse\n\t\t\techo \"error: Please unmount /Volumes/${PROJECT_NAME} yourself.  The volume is busy.\" 1>&2\n\t\tfi\n\t\texit -1;\n\tfi\nfi\n\n# create derived files dir\nif ! mkdir -p ${DERIVED_FILE_DIR}\nthen\n\techo \"error: Can't create derived files dir: ${DERIVED_FILE_DIR}\" 1>&2\n\texit -1;\nfi\n\n# Create new empty image\nif ! hdiutil create -ov -size 5m -fs HFS+ -type UDIF -volname ${PROJECT_NAME} ${DERIVED_FILE_DIR}/${PROJECT_NAME}.dmg\nthen\n\techo \"error: Can't create dmg ${DERIVED_FILE_DIR}/${PROJECT_NAME}.dmg\" 1>&2\n\texit -1;\nfi\n\n# attach new empty image\nif ! hdiutil attach -mountpoint /Volumes/${PROJECT_NAME} ${DERIVED_FILE_DIR}/${PROJECT_NAME}.dmg\nthen\n\techo \"error: Can't mount volume /Volumes/${PROJECT_NAME}\" 1>&2\n\texit -1;\nfi\n\n# Populate the new empty image\n# create the background image directory and copy in the background image\nmkdir /Volumes/${PROJECT_NAME}/.background\ncp ${PROJECT_DIR}/background.png /Volumes/${PROJECT_NAME}/.background/background.png\n\n# include a link to the applications directory\nln -s /Applications /Volumes/${PROJECT_NAME}/Applications\n\n# copy in the layout file which positions the items in the icon view\ncp ${PROJECT_DIR}/dmg.DS_Store /Volumes/${PROJECT_NAME}/.DS_Store\n\nexit 0";
			showEnvVarsInLog = 0;
		};
		83D9C9770CD8AC7D003B422F /* ShellScript */ = {
			isa = PBXShellScriptBuildPhase;
			buildActionMask = 2147483647;
			files = (
			);
			inputPaths = (
			);
			outputPaths = (
			);
			runOnlyForDeploymentPostprocessing = 0;
			shellPath = /bin/bash;
			shellScript = "if [ \"$DOXY_HOME\" = \"\" ]; then\n\techo \"error: DOXY_HOME not set.  Can't generate documentation.\" 1>&2\n\texit -1\nfi\n\nif [ -e ${DOXY_HOME}/doxygen ]; then\n\t${DOXY_HOME}/doxygen ${PROJECT_DIR}/doxygen.conf\nelse\n\techo \"error: 'doxygen' executable not found.  Can't generate documentation. Check DOXY_HOME setting.\"  1>&2\n\texit -1\nfi\n\nexit 0\n\n";
			showEnvVarsInLog = 0;
		};
/* End PBXShellScriptBuildPhase section */

/* Begin PBXSourcesBuildPhase section */
		833C26880D2D32850097E3CE /* Sources */ = {
			isa = PBXSourcesBuildPhase;
			buildActionMask = 2147483647;
			files = (
				833C26A00D2D33810097E3CE /* JRSwizzle.m in Sources */,
			);
			runOnlyForDeploymentPostprocessing = 0;
		};
		83CC1CD10CD2499B0002FFA8 /* Sources */ = {
			isa = PBXSourcesBuildPhase;
			buildActionMask = 2147483647;
			files = (
				83F9D4F00D5265E1004C531D /* GeniusDocumentFileTest.m in Sources */,
				83F9D4F10D5265E2004C531D /* GeniusPairTest.m in Sources */,
			);
			runOnlyForDeploymentPostprocessing = 0;
		};
		8D15AC300486D014006FF6A4 /* Sources */ = {
			isa = PBXSourcesBuildPhase;
			buildActionMask = 2147483647;
			files = (
				83F9D3AF0D525EFD004C531D /* GeniusPreferencesController.m in Sources */,
				83F9D3B00D525EFD004C531D /* IsPairImportantTransformer.m in Sources */,
				83F9D3B20D525EFD004C531D /* NSString+Similiarity.m in Sources */,
				83F9D3B30D525EFD004C531D /* MyQuizController.m in Sources */,
				83F9D3B40D525EFD004C531D /* ParagraphStyleFormatter.m in Sources */,
				83F9D3B50D525EFD004C531D /* GeniusHelpWindowController.m in Sources */,
				83F9D3B80D525EFD004C531D /* GeniusAppDelegate.m in Sources */,
				83F9D3B90D525EFD004C531D /* GeniusDocument_DebugLogging.m in Sources */,
				83F9D3BA0D525EFD004C531D /* GeniusWelcomePanel.m in Sources */,
				83F9D3BB0D525EFD004C531D /* GSTableView.m in Sources */,
				83F9D3BC0D525EFD004C531D /* GeniusDocumentFile.m in Sources */,
				83F9D3C00D525EFD004C531D /* IconTextFieldCell.m in Sources */,
				83F9D3C10D525EFD004C531D /* GeniusAssociation.m in Sources */,
				83F9D3C20D525EFD004C531D /* GeniusStringDiff.m in Sources */,
				83F9D3C30D525EFD004C531D /* GeniusDocument.m in Sources */,
				83F9D3C40D525EFD004C531D /* GeniusItem.m in Sources */,
				83F9D3C70D525EFD004C531D /* GeniusPair.m in Sources */,
				83F9D3C80D525EFD004C531D /* ColorFromPairImportanceTransformer.m in Sources */,
				83F9D3C90D525EFD004C531D /* GeniusToolbar.m in Sources */,
				83F9D3CA0D525EFD004C531D /* GeniusAssociationEnumerator.m in Sources */,
				83F9D3CE0D525F30004C531D /* main.m in Sources */,
			);
			runOnlyForDeploymentPostprocessing = 0;
		};
/* End PBXSourcesBuildPhase section */

/* Begin PBXTargetDependency section */
		833C2AB70D2D3FE60097E3CE /* PBXTargetDependency */ = {
			isa = PBXTargetDependency;
			target = 833C268A0D2D32850097E3CE /* JRSwizzle */;
			targetProxy = 833C2AB60D2D3FE60097E3CE /* PBXContainerItemProxy */;
		};
		83AA1D010CDA206F009E7A1A /* PBXTargetDependency */ = {
			isa = PBXTargetDependency;
			target = 8D15AC270486D014006FF6A4 /* Genius */;
			targetProxy = 83AA1D000CDA206F009E7A1A /* PBXContainerItemProxy */;
		};
		83D9BE690CD110EF0092858D /* PBXTargetDependency */ = {
			isa = PBXTargetDependency;
			target = 8D15AC270486D014006FF6A4 /* Genius */;
			targetProxy = 83D9BE680CD110EF0092858D /* PBXContainerItemProxy */;
		};
/* End PBXTargetDependency section */

/* Begin PBXVariantGroup section */
		83F9D3CF0D525F7B004C531D /* GeniusDocument.nib */ = {
			isa = PBXVariantGroup;
			children = (
				83F9D3D00D525F7B004C531D /* English */,
			);
			name = GeniusDocument.nib;
			sourceTree = "<group>";
		};
		83F9D3D60D525F8F004C531D /* Help.nib */ = {
			isa = PBXVariantGroup;
			children = (
				83F9D3D70D525F8F004C531D /* English */,
			);
			name = Help.nib;
			sourceTree = "<group>";
		};
		83F9D3DD0D525F9B004C531D /* InfoPlist.strings */ = {
			isa = PBXVariantGroup;
			children = (
				83F9D3DE0D525F9B004C531D /* English */,
			);
			name = InfoPlist.strings;
			sourceTree = "<group>";
		};
		83F9D3DF0D525F9B004C531D /* Localizable.strings */ = {
			isa = PBXVariantGroup;
			children = (
				83F9D3E00D525F9B004C531D /* English */,
			);
			name = Localizable.strings;
			sourceTree = "<group>";
		};
		83F9D3E10D525F9B004C531D /* Preferences.nib */ = {
			isa = PBXVariantGroup;
			children = (
				83F9D3E20D525F9B004C531D /* English */,
			);
			name = Preferences.nib;
			sourceTree = "<group>";
		};
		83F9D3E30D525F9B004C531D /* MainMenu.nib */ = {
			isa = PBXVariantGroup;
			children = (
				83F9D3E40D525F9B004C531D /* English */,
			);
			name = MainMenu.nib;
			sourceTree = "<group>";
		};
		83F9D3E50D525F9B004C531D /* WelcomePanel.nib */ = {
			isa = PBXVariantGroup;
			children = (
				83F9D3E60D525F9B004C531D /* English */,
			);
			name = WelcomePanel.nib;
			sourceTree = "<group>";
		};
		83F9D3E70D525F9B004C531D /* Quiz.nib */ = {
			isa = PBXVariantGroup;
			children = (
				83F9D3E80D525F9B004C531D /* English */,
			);
			name = Quiz.nib;
			sourceTree = "<group>";
		};
		83F9D3E90D525F9B004C531D /* PreQuiz.nib */ = {
			isa = PBXVariantGroup;
			children = (
				83F9D3EA0D525F9B004C531D /* English */,
			);
			name = PreQuiz.nib;
			sourceTree = "<group>";
		};
		83F9D3EB0D525F9B004C531D /* Help.rtf */ = {
			isa = PBXVariantGroup;
			children = (
				83F9D3EC0D525F9B004C531D /* English */,
			);
			name = Help.rtf;
			sourceTree = "<group>";
		};
		83F9D3ED0D525F9B004C531D /* Credits.rtf */ = {
			isa = PBXVariantGroup;
			children = (
				83F9D3EE0D525F9B004C531D /* English */,
			);
			name = Credits.rtf;
			sourceTree = "<group>";
		};
/* End PBXVariantGroup section */

/* Begin XCBuildConfiguration section */
		23D0AFE50AA1C7F50069E6D3 /* Development */ = {
			isa = XCBuildConfiguration;
			buildSettings = {
				COPY_PHASE_STRIP = NO;
				DEBUGGING_SYMBOLS = YES;
				FRAMEWORK_SEARCH_PATHS = (
					"$(inherited)",
					"$(FRAMEWORK_SEARCH_PATHS_QUOTED_1)",
					"$(FRAMEWORK_SEARCH_PATHS_QUOTED_2)",
					"$(FRAMEWORK_SEARCH_PATHS_QUOTED_FOR_TARGET_1)",
				);
				FRAMEWORK_SEARCH_PATHS_QUOTED_1 = "\"$(SRCROOT)\"";
				FRAMEWORK_SEARCH_PATHS_QUOTED_2 = "\"$(SRCROOT)/../../../Sparkle/Extras/Source/build/Debug\"";
				FRAMEWORK_SEARCH_PATHS_QUOTED_FOR_TARGET_1 = "\"$(DEVELOPER_FRAMEWORKS_DIR)\"";
				GCC_DYNAMIC_NO_PIC = NO;
				GCC_ENABLE_FIX_AND_CONTINUE = YES;
				GCC_ENABLE_TRIGRAPHS = NO;
				GCC_GENERATE_DEBUGGING_SYMBOLS = YES;
				GCC_PRECOMPILE_PREFIX_HEADER = YES;
				GCC_WARN_ABOUT_MISSING_PROTOTYPES = NO;
				GCC_WARN_FOUR_CHARACTER_CONSTANTS = NO;
				GCC_WARN_UNKNOWN_PRAGMAS = NO;
				HEADER_SEARCH_PATHS = "";
				INFOPLIST_FILE = Info.plist;
				INSTALL_PATH = "$(HOME)/Applications";
				LIBRARY_SEARCH_PATHS = "";
				OPTIMIZATION_CFLAGS = "-O0";
				OTHER_CFLAGS = (
					"-D",
					"DEBUG=1",
				);
				OTHER_LDFLAGS = "";
				"Optimization level" = 0;
				PRODUCT_NAME = Genius;
				SECTORDER_FLAGS = "";
				WARNING_CFLAGS = (
					"-Wmost",
					"-Wno-four-char-constants",
					"-Wno-unknown-pragmas",
				);
				WRAPPER_EXTENSION = app;
			};
			name = Development;
		};
		23D0AFE60AA1C7F50069E6D3 /* Deployment */ = {
			isa = XCBuildConfiguration;
			buildSettings = {
				COPY_PHASE_STRIP = YES;
				FRAMEWORK_SEARCH_PATHS = (
					"$(inherited)",
					"$(FRAMEWORK_SEARCH_PATHS_QUOTED_1)",
					"$(FRAMEWORK_SEARCH_PATHS_QUOTED_2)",
					"$(FRAMEWORK_SEARCH_PATHS_QUOTED_FOR_TARGET_1)",
				);
				FRAMEWORK_SEARCH_PATHS_QUOTED_1 = "\"$(SRCROOT)\"";
				FRAMEWORK_SEARCH_PATHS_QUOTED_2 = "\"$(SRCROOT)/../../../Sparkle/Extras/Source/build/Debug\"";
				FRAMEWORK_SEARCH_PATHS_QUOTED_FOR_TARGET_1 = "\"$(DEVELOPER_FRAMEWORKS_DIR)\"";
				GCC_ENABLE_FIX_AND_CONTINUE = NO;
				GCC_ENABLE_TRIGRAPHS = NO;
				GCC_GENERATE_DEBUGGING_SYMBOLS = NO;
				GCC_PRECOMPILE_PREFIX_HEADER = YES;
				GCC_WARN_ABOUT_MISSING_PROTOTYPES = NO;
				GCC_WARN_FOUR_CHARACTER_CONSTANTS = NO;
				GCC_WARN_UNKNOWN_PRAGMAS = NO;
				HEADER_SEARCH_PATHS = "";
				INFOPLIST_FILE = Info.plist;
				INSTALL_PATH = "$(HOME)/Applications";
				LIBRARY_SEARCH_PATHS = "";
				OTHER_LDFLAGS = "";
				PRODUCT_NAME = Genius;
				SECTORDER_FLAGS = "";
				WARNING_CFLAGS = (
					"-Wmost",
					"-Wno-four-char-constants",
					"-Wno-unknown-pragmas",
				);
				WRAPPER_EXTENSION = app;
			};
			name = Deployment;
		};
		23D0AFE90AA1C7F50069E6D3 /* Development */ = {
			isa = XCBuildConfiguration;
			buildSettings = {
				DOXY_HOME = "${LOCAL_APPS_DIR}/Doxygen.app/Contents/Resources/";
				MACOSX_DEPLOYMENT_TARGET = 10.4;
				PREBINDING = NO;
				SDKROOT = /Developer/SDKs/MacOSX10.4u.sdk;
				SVNREV = development;
				ZERO_LINK = NO;
			};
			name = Development;
		};
		23D0AFEA0AA1C7F50069E6D3 /* Deployment */ = {
			isa = XCBuildConfiguration;
			buildSettings = {
				ARCHS = (
					ppc,
					i386,
				);
				DOXY_HOME = "${LOCAL_APPS_DIR}/Doxygen.app/Contents/Resources/";
				MACOSX_DEPLOYMENT_TARGET = 10.4;
				PREBINDING = NO;
				SDKROOT = /Developer/SDKs/MacOSX10.4u.sdk;
				SVNREV = 228;
			};
			name = Deployment;
		};
		833C268E0D2D32850097E3CE /* Development */ = {
			isa = XCBuildConfiguration;
			buildSettings = {
				COPY_PHASE_STRIP = NO;
				DYLIB_COMPATIBILITY_VERSION = 1;
				DYLIB_CURRENT_VERSION = 1;
				FRAMEWORK_VERSION = A;
				GCC_DYNAMIC_NO_PIC = NO;
				GCC_ENABLE_FIX_AND_CONTINUE = YES;
				GCC_GENERATE_DEBUGGING_SYMBOLS = YES;
				GCC_MODEL_TUNING = G5;
				GCC_OPTIMIZATION_LEVEL = 0;
				GCC_PRECOMPILE_PREFIX_HEADER = YES;
				GCC_PREFIX_HEADER = "$(SYSTEM_LIBRARY_DIR)/Frameworks/AppKit.framework/Headers/AppKit.h";
				INFOPLIST_FILE = "JRSwizzle/JRSwizzle-Info.plist";
				INSTALL_PATH = "@executable_path/../Frameworks";
				OTHER_LDFLAGS = (
					"-framework",
					Foundation,
					"-framework",
					AppKit,
				);
				PREBINDING = NO;
				PRODUCT_NAME = JRSwizzle;
				ZERO_LINK = YES;
			};
			name = Development;
		};
		833C268F0D2D32850097E3CE /* Deployment */ = {
			isa = XCBuildConfiguration;
			buildSettings = {
				COPY_PHASE_STRIP = YES;
				DYLIB_COMPATIBILITY_VERSION = 1;
				DYLIB_CURRENT_VERSION = 1;
				FRAMEWORK_VERSION = A;
				GCC_ENABLE_FIX_AND_CONTINUE = NO;
				GCC_GENERATE_DEBUGGING_SYMBOLS = NO;
				GCC_MODEL_TUNING = G5;
				GCC_PRECOMPILE_PREFIX_HEADER = YES;
				GCC_PREFIX_HEADER = "$(SYSTEM_LIBRARY_DIR)/Frameworks/AppKit.framework/Headers/AppKit.h";
				INFOPLIST_FILE = "JRSwizzle/JRSwizzle-Info.plist";
				INSTALL_PATH = "@executable_path/../Frameworks";
				OTHER_LDFLAGS = (
					"-framework",
					Foundation,
					"-framework",
					AppKit,
				);
				PREBINDING = NO;
				PRODUCT_NAME = JRSwizzle;
				ZERO_LINK = NO;
			};
			name = Deployment;
		};
		83CC1CD80CD2499C0002FFA8 /* Development */ = {
			isa = XCBuildConfiguration;
			buildSettings = {
				BUNDLE_LOADER = "$(BUILT_PRODUCTS_DIR)/Genius.app/Contents/MacOS/Genius";
				COPY_PHASE_STRIP = NO;
				FRAMEWORK_SEARCH_PATHS = (
					"$(value)",
					"$(DEVELOPER_FRAMEWORKS_DIR_QUOTED)",
				);
				GCC_DYNAMIC_NO_PIC = NO;
				GCC_ENABLE_FIX_AND_CONTINUE = NO;
				GCC_ENABLE_OBJC_EXCEPTIONS = YES;
				GCC_GENERATE_DEBUGGING_SYMBOLS = YES;
				GCC_MODEL_TUNING = G5;
				GCC_OPTIMIZATION_LEVEL = 0;
				GCC_PRECOMPILE_PREFIX_HEADER = YES;
				GCC_PREFIX_HEADER = "$(SYSTEM_LIBRARY_DIR)/Frameworks/Cocoa.framework/Headers/Cocoa.h";
				INFOPLIST_FILE = "Testing-Info.plist";
				INSTALL_PATH = "$(USER_LIBRARY_DIR)/Bundles";
				OTHER_LDFLAGS = (
					"-framework",
					Cocoa,
					"-framework",
					SenTestingKit,
				);
				PREBINDING = NO;
				PRODUCT_NAME = Testing;
				TEST_HOST = "$(BUNDLE_LOADER)";
				WRAPPER_EXTENSION = octest;
				ZERO_LINK = NO;
			};
			name = Development;
		};
		83CC1CD90CD2499C0002FFA8 /* Deployment */ = {
			isa = XCBuildConfiguration;
			buildSettings = {
				BUNDLE_LOADER = "$(BUILT_PRODUCTS_DIR)/Genius.app/Contents/MacOS/Genius";
				COPY_PHASE_STRIP = YES;
				FRAMEWORK_SEARCH_PATHS = (
					"$(value)",
					"$(DEVELOPER_FRAMEWORKS_DIR_QUOTED)",
				);
				GCC_ENABLE_FIX_AND_CONTINUE = NO;
				GCC_ENABLE_OBJC_EXCEPTIONS = YES;
				GCC_GENERATE_DEBUGGING_SYMBOLS = NO;
				GCC_MODEL_TUNING = G5;
				GCC_PRECOMPILE_PREFIX_HEADER = YES;
				GCC_PREFIX_HEADER = "$(SYSTEM_LIBRARY_DIR)/Frameworks/Cocoa.framework/Headers/Cocoa.h";
				INFOPLIST_FILE = "Testing-Info.plist";
				INSTALL_PATH = "$(USER_LIBRARY_DIR)/Bundles";
				OTHER_LDFLAGS = (
					"-framework",
					Cocoa,
					"-framework",
					SenTestingKit,
				);
				PREBINDING = NO;
				PRODUCT_NAME = Testing;
				TEST_HOST = "$(BUNDLE_LOADER)";
				WRAPPER_EXTENSION = octest;
				ZERO_LINK = NO;
			};
			name = Deployment;
		};
		83D9BE700CD110F30092858D /* Development */ = {
			isa = XCBuildConfiguration;
			buildSettings = {
				COPY_PHASE_STRIP = NO;
				GCC_DYNAMIC_NO_PIC = NO;
				GCC_GENERATE_DEBUGGING_SYMBOLS = YES;
				GCC_OPTIMIZATION_LEVEL = 0;
				PRODUCT_NAME = DiskImage;
			};
			name = Development;
		};
		83D9BE710CD110F30092858D /* Deployment */ = {
			isa = XCBuildConfiguration;
			buildSettings = {
				COPY_PHASE_STRIP = YES;
				GCC_ENABLE_FIX_AND_CONTINUE = NO;
				GCC_GENERATE_DEBUGGING_SYMBOLS = NO;
				PRODUCT_NAME = DiskImage;
				ZERO_LINK = NO;
			};
			name = Deployment;
		};
		83D9C97A0CD8AC9C003B422F /* Development */ = {
			isa = XCBuildConfiguration;
			buildSettings = {
				COPY_PHASE_STRIP = NO;
				GCC_DYNAMIC_NO_PIC = NO;
				GCC_GENERATE_DEBUGGING_SYMBOLS = YES;
				GCC_OPTIMIZATION_LEVEL = 0;
				PRODUCT_NAME = DeveloperDocs;
			};
			name = Development;
		};
		83D9C97B0CD8AC9C003B422F /* Deployment */ = {
			isa = XCBuildConfiguration;
			buildSettings = {
				COPY_PHASE_STRIP = YES;
				GCC_ENABLE_FIX_AND_CONTINUE = NO;
				GCC_GENERATE_DEBUGGING_SYMBOLS = NO;
				PRODUCT_NAME = DeveloperDocs;
				ZERO_LINK = NO;
			};
			name = Deployment;
		};
/* End XCBuildConfiguration section */

/* Begin XCConfigurationList section */
		23D0AFE40AA1C7F50069E6D3 /* Build configuration list for PBXNativeTarget "Genius" */ = {
			isa = XCConfigurationList;
			buildConfigurations = (
				23D0AFE50AA1C7F50069E6D3 /* Development */,
				23D0AFE60AA1C7F50069E6D3 /* Deployment */,
			);
			defaultConfigurationIsVisible = 0;
			defaultConfigurationName = Development;
		};
		23D0AFE80AA1C7F50069E6D3 /* Build configuration list for PBXProject "Genius" */ = {
			isa = XCConfigurationList;
			buildConfigurations = (
				23D0AFE90AA1C7F50069E6D3 /* Development */,
				23D0AFEA0AA1C7F50069E6D3 /* Deployment */,
			);
			defaultConfigurationIsVisible = 0;
			defaultConfigurationName = Development;
		};
		833C268D0D2D32850097E3CE /* Build configuration list for PBXNativeTarget "JRSwizzle" */ = {
			isa = XCConfigurationList;
			buildConfigurations = (
				833C268E0D2D32850097E3CE /* Development */,
				833C268F0D2D32850097E3CE /* Deployment */,
			);
			defaultConfigurationIsVisible = 0;
			defaultConfigurationName = Development;
		};
		83CC1CD70CD2499C0002FFA8 /* Build configuration list for PBXNativeTarget "Testing" */ = {
			isa = XCConfigurationList;
			buildConfigurations = (
				83CC1CD80CD2499C0002FFA8 /* Development */,
				83CC1CD90CD2499C0002FFA8 /* Deployment */,
			);
			defaultConfigurationIsVisible = 0;
			defaultConfigurationName = Development;
		};
		83D9BE6F0CD110F30092858D /* Build configuration list for PBXAggregateTarget "DiskImage" */ = {
			isa = XCConfigurationList;
			buildConfigurations = (
				83D9BE700CD110F30092858D /* Development */,
				83D9BE710CD110F30092858D /* Deployment */,
			);
			defaultConfigurationIsVisible = 0;
			defaultConfigurationName = Development;
		};
		83D9C9790CD8AC9C003B422F /* Build configuration list for PBXAggregateTarget "DeveloperDocs" */ = {
			isa = XCConfigurationList;
			buildConfigurations = (
				83D9C97A0CD8AC9C003B422F /* Development */,
				83D9C97B0CD8AC9C003B422F /* Deployment */,
			);
			defaultConfigurationIsVisible = 0;
			defaultConfigurationName = Development;
		};
/* End XCConfigurationList section */
	};
	rootObject = 2A37F4A9FDCFA73011CA2CEA /* Project object */;
}
